Microsoft Visual Studio Solution File, Format Version 11.00
# Visual Studio 2010
Project("{FAE04EC0-301F-11D3-BF4B-00C04F79EFBC}") = "Assembly-CSharp", "Assembly-CSharp.csproj", "{D18D8E8A-0F77-2EBE-17E8-69791EEA23B1}"
EndProject
Project("{FAE04EC0-301F-11D3-BF4B-00C04F79EFBC}") = "Assembly-CSharp-Editor", "Assembly-CSharp-Editor.csproj", "{5848D217-0979-A6BA-43B5-74C82884B485}"
EndProject
Global
	GlobalSection(SolutionConfigurationPlatforms) = preSolution
		Debug|Any CPU = Debug|Any CPU
		Release|Any CPU = Release|Any CPU
	EndGlobalSection
	GlobalSection(ProjectConfigurationPlatforms) = postSolution
		{D18D8E8A-0F77-2EBE-17E8-69791EEA23B1}.Debug|Any CPU.ActiveCfg = Debug|Any CPU
		{D18D8E8A-0F77-2EBE-17E8-69791EEA23B1}.Debug|Any CPU.Build.0 = Debug|Any CPU
		{D18D8E8A-0F77-2EBE-17E8-69791EEA23B1}.Release|Any CPU.ActiveCfg = Release|Any CPU
		{D18D8E8A-0F77-2EBE-17E8-69791EEA23B1}.Release|Any CPU.Build.0 = Release|Any CPU
		{5848D217-0979-A6BA-43B5-74C82884B485}.Debug|Any CPU.ActiveCfg = Debug|Any CPU
		{5848D217-0979-A6BA-43B5-74C82884B485}.Debug|Any CPU.Build.0 = Debug|Any CPU
		{5848D217-0979-A6BA-43B5-74C82884B485}.Release|Any CPU.ActiveCfg = Release|Any CPU
		{5848D217-0979-A6BA-43B5-74C82884B485}.Release|Any CPU.Build.0 = Release|Any CPU
	EndGlobalSection
	GlobalSection(SolutionProperties) = preSolution
		HideSolutionNode = FALSE
	EndGlobalSection
	GlobalSection(MonoDevelopProperties) = preSolution
		StartupItem = Assembly-CSharp.csproj
	EndGlobalSection
EndGlobal
